<?xml version="1.0" encoding="utf-8"?>
<Project ToolsVersion="4.0" xmlns="http://schemas.microsoft.com/developer/msbuild/2003">
  <ItemGroup>
    <Filter Include="Исходные файлы">
      <UniqueIdentifier>{4FC737F1-C7A5-4376-A066-2A32D752A2FF}</UniqueIdentifier>
      <Extensions>cpp;c;cc;cxx;c++;cppm;ixx;def;odl;idl;hpj;bat;asm;asmx</Extensions>
    </Filter>
    <Filter Include="Файлы заголовков">
      <UniqueIdentifier>{93995380-89BD-4b04-88EB-625FBE52EBFB}</UniqueIdentifier>
      <Extensions>h;hh;hpp;hxx;h++;hm;inl;inc;ipp;xsd</Extensions>
    </Filter>
    <Filter Include="Файлы ресурсов">
      <UniqueIdentifier>{67DA6AB6-F800-4c08-8B7A-83BB121AAD01}</UniqueIdentifier>
      <Extensions>rc;ico;cur;bmp;dlg;rc2;rct;bin;rgs;gif;jpg;jpeg;jpe;resx;tiff;tif;png;wav;mfcribbon-ms</Extensions>
    </Filter>
    <Filter Include="flex_bison_files">
      <UniqueIdentifier>{909e266c-5ae9-481e-8024-0a7e0df1d00f}</UniqueIdentifier>
    </Filter>
    <Filter Include="generated_files">
      <UniqueIdentifier>{97621fa3-5958-4595-81e1-4ad336c121e0}</UniqueIdentifier>
    </Filter>
    <Filter Include="Исходные файлы\Utils">
      <UniqueIdentifier>{b0bbf238-a82d-421f-901c-531a824e8690}</UniqueIdentifier>
    </Filter>
    <Filter Include="Исходные файлы\Tree">
      <UniqueIdentifier>{427dd017-6ed9-4f13-b5c7-f0417ea37a8b}</UniqueIdentifier>
    </Filter>
    <Filter Include="Исходные файлы\Semantic">
      <UniqueIdentifier>{659f771c-fa7b-47ea-a51d-efa10ac76344}</UniqueIdentifier>
    </Filter>
  </ItemGroup>
  <ItemGroup>
    <Flex Include="lexer.l">
      <Filter>flex_bison_files</Filter>
    </Flex>
  </ItemGroup>
  <ItemGroup>
    <ClCompile Include="lexer.flex.cpp">
      <Filter>generated_files</Filter>
    </ClCompile>
    <ClCompile Include="main.cpp">
      <Filter>Исходные файлы</Filter>
    </ClCompile>
    <ClCompile Include="parser.tab.cpp">
      <Filter>generated_files</Filter>
    </ClCompile>
    <ClCompile Include="Utils\dot.cpp">
      <Filter>Исходные файлы\Utils</Filter>
    </ClCompile>
    <ClCompile Include="Utils\utils.cpp">
      <Filter>Исходные файлы\Utils</Filter>
    </ClCompile>
    <ClCompile Include="Tree\expr.cpp">
      <Filter>Исходные файлы\Tree</Filter>
    </ClCompile>
    <ClCompile Include="Tree\stmt.cpp">
      <Filter>Исходные файлы\Tree</Filter>
    </ClCompile>
    <ClCompile Include="Tree\parsing_tree.cpp">
      <Filter>Исходные файлы\Tree</Filter>
    </ClCompile>
    <ClCompile Include="Semantic\semantic.cpp">
      <Filter>Исходные файлы\Semantic</Filter>
    </ClCompile>
  </ItemGroup>
  <ItemGroup>
    <Bison Include="parser.y">
      <Filter>flex_bison_files</Filter>
    </Bison>
  </ItemGroup>
  <ItemGroup>
    <ClInclude Include="parser.tab.h">
      <Filter>Файлы заголовков</Filter>
    </ClInclude>
    <ClInclude Include="Tree\parsing_tree.h">
      <Filter>Файлы заголовков</Filter>
    </ClInclude>
    <ClInclude Include="Tree\nodes.h">
      <Filter>Файлы заголовков</Filter>
    </ClInclude>
    <ClInclude Include="Utils\dot.h">
      <Filter>Файлы заголовков</Filter>
    </ClInclude>
    <ClInclude Include="Utils\utils.h">
      <Filter>Файлы заголовков</Filter>
    </ClInclude>
    <ClInclude Include="Tree\class.h">
      <Filter>Файлы заголовков</Filter>
    </ClInclude>
    <ClInclude Include="Tree\expr.h">
      <Filter>Файлы заголовков</Filter>
    </ClInclude>
    <ClInclude Include="Tree\func.h">
      <Filter>Файлы заголовков</Filter>
    </ClInclude>
    <ClInclude Include="Tree\node.h">
      <Filter>Файлы заголовков</Filter>
    </ClInclude>
    <ClInclude Include="Tree\stmt.h">
      <Filter>Файлы заголовков</Filter>
    </ClInclude>
    <ClInclude Include="Tree\ts_script.h">
      <Filter>Файлы заголовков</Filter>
    </ClInclude>
    <ClInclude Include="Tree\type.h">
      <Filter>Файлы заголовков</Filter>
    </ClInclude>
    <ClInclude Include="Tree\var.h">
      <Filter>Файлы заголовков</Filter>
    </ClInclude>
    <ClInclude Include="Semantic\JvmClass.h">
      <Filter>Файлы заголовков</Filter>
    </ClInclude>
    <ClInclude Include="Semantic\semantic.h">
      <Filter>Файлы заголовков</Filter>
    </ClInclude>
  </ItemGroup>
  <ItemGroup>
    <None Include="bison.m4">
      <Filter>Файлы ресурсов</Filter>
    </None>
  </ItemGroup>
</Project>